
Microsoft Visual Studio Solution File, Format Version 11.00
# Visual Studio 2010
Project("{2150E333-8FDC-42A3-9474-1A3956D46DE8}") = "DicomSdk", "DicomSdk", "{48E71FB7-D0C0-4023-9FE4-A59EDAAB8EAD}"
EndProject
Project("{2150E333-8FDC-42A3-9474-1A3956D46DE8}") = "Common", "Common", "{16E01AAF-369F-45A5-AA9B-FD5F72ED8C03}"
EndProject
Project("{FAE04EC0-301F-11D3-BF4B-00C04F79EFBC}") = "ClearCanvas.ImageViewer", "..\DicomSDK\ImageViewer\ClearCanvas.ImageViewer.csproj", "{E72B1E73-8FE1-4C97-A9E6-7E1451BCBB13}"
EndProject
Project("{FAE04EC0-301F-11D3-BF4B-00C04F79EFBC}") = "ClearCanvas.Dicom", "..\DicomSDK\Dicom\ClearCanvas.Dicom.csproj", "{AD9ECE2B-8268-4115-8DC8-860FBD011FFF}"
EndProject
Project("{FAE04EC0-301F-11D3-BF4B-00C04F79EFBC}") = "ClearCanvas.Common", "..\DicomSDK\Common\ClearCanvas.Common.csproj", "{F6EAD428-E6CF-4DF6-B2F3-D33D532C5343}"
EndProject
Project("{FAE04EC0-301F-11D3-BF4B-00C04F79EFBC}") = "ClearCanvas.ImageViewer.Common", "..\DicomSDK\ImageViewer\Common\ClearCanvas.ImageViewer.Common.csproj", "{FEFD73C5-8541-47D2-BBDB-FF61DEA28291}"
EndProject
Project("{FAE04EC0-301F-11D3-BF4B-00C04F79EFBC}") = "ClearCanvas.ImageViewer.StudyManagement.Core", "..\DicomSDK\ImageViewer\StudyManagement\Core\ClearCanvas.ImageViewer.StudyManagement.Core.csproj", "{624BC225-49A8-4E92-942D-CDC976292EB9}"
EndProject
Project("{FAE04EC0-301F-11D3-BF4B-00C04F79EFBC}") = "Orchestra.Library", "Common\Orchestra.Library\Orchestra.Library.csproj", "{433BCE8B-95AE-4628-ABED-86A224D5E8C9}"
EndProject
Project("{FAE04EC0-301F-11D3-BF4B-00C04F79EFBC}") = "Orchestra.Shell", "Common\Orchestra.Shell\Orchestra.Shell.csproj", "{1718ED0D-7219-48B2-B9F5-6C91EE01EB0B}"
EndProject
Project("{2150E333-8FDC-42A3-9474-1A3956D46DE8}") = "ImageViewer", "ImageViewer", "{17036B24-7D8D-45AD-85C5-85899A079CC7}"
EndProject
Project("{2150E333-8FDC-42A3-9474-1A3956D46DE8}") = "Service", "Service", "{6F038DFA-F075-4F73-886D-0A49C4E767FC}"
EndProject
Project("{2150E333-8FDC-42A3-9474-1A3956D46DE8}") = "Desktop", "Desktop", "{FECC661F-7AE2-4E02-B534-9726419A98C0}"
EndProject
Project("{2150E333-8FDC-42A3-9474-1A3956D46DE8}") = "Manifest Items", "Manifest Items", "{C27459A5-CC49-4FF9-99F3-7C162D9DE405}"
EndProject
Global
	GlobalSection(SolutionConfigurationPlatforms) = preSolution
		Debug|Any CPU = Debug|Any CPU
		Release|Any CPU = Release|Any CPU
		UNIT_TESTS_USAGE_TRACKING|Any CPU = UNIT_TESTS_USAGE_TRACKING|Any CPU
	EndGlobalSection
	GlobalSection(ProjectConfigurationPlatforms) = postSolution
		{E72B1E73-8FE1-4C97-A9E6-7E1451BCBB13}.Debug|Any CPU.ActiveCfg = Debug|Any CPU
		{E72B1E73-8FE1-4C97-A9E6-7E1451BCBB13}.Debug|Any CPU.Build.0 = Debug|Any CPU
		{E72B1E73-8FE1-4C97-A9E6-7E1451BCBB13}.Release|Any CPU.ActiveCfg = Release|Any CPU
		{E72B1E73-8FE1-4C97-A9E6-7E1451BCBB13}.Release|Any CPU.Build.0 = Release|Any CPU
		{E72B1E73-8FE1-4C97-A9E6-7E1451BCBB13}.UNIT_TESTS_USAGE_TRACKING|Any CPU.ActiveCfg = Release|Any CPU
		{E72B1E73-8FE1-4C97-A9E6-7E1451BCBB13}.UNIT_TESTS_USAGE_TRACKING|Any CPU.Build.0 = Release|Any CPU
		{AD9ECE2B-8268-4115-8DC8-860FBD011FFF}.Debug|Any CPU.ActiveCfg = Debug|Any CPU
		{AD9ECE2B-8268-4115-8DC8-860FBD011FFF}.Debug|Any CPU.Build.0 = Debug|Any CPU
		{AD9ECE2B-8268-4115-8DC8-860FBD011FFF}.Release|Any CPU.ActiveCfg = Release|Any CPU
		{AD9ECE2B-8268-4115-8DC8-860FBD011FFF}.Release|Any CPU.Build.0 = Release|Any CPU
		{AD9ECE2B-8268-4115-8DC8-860FBD011FFF}.UNIT_TESTS_USAGE_TRACKING|Any CPU.ActiveCfg = Release|Any CPU
		{AD9ECE2B-8268-4115-8DC8-860FBD011FFF}.UNIT_TESTS_USAGE_TRACKING|Any CPU.Build.0 = Release|Any CPU
		{F6EAD428-E6CF-4DF6-B2F3-D33D532C5343}.Debug|Any CPU.ActiveCfg = Debug|Any CPU
		{F6EAD428-E6CF-4DF6-B2F3-D33D532C5343}.Debug|Any CPU.Build.0 = Debug|Any CPU
		{F6EAD428-E6CF-4DF6-B2F3-D33D532C5343}.Release|Any CPU.ActiveCfg = Release|Any CPU
		{F6EAD428-E6CF-4DF6-B2F3-D33D532C5343}.Release|Any CPU.Build.0 = Release|Any CPU
		{F6EAD428-E6CF-4DF6-B2F3-D33D532C5343}.UNIT_TESTS_USAGE_TRACKING|Any CPU.ActiveCfg = UNIT_TESTS_USAGE_TRACKING|Any CPU
		{F6EAD428-E6CF-4DF6-B2F3-D33D532C5343}.UNIT_TESTS_USAGE_TRACKING|Any CPU.Build.0 = UNIT_TESTS_USAGE_TRACKING|Any CPU
		{FEFD73C5-8541-47D2-BBDB-FF61DEA28291}.Debug|Any CPU.ActiveCfg = Debug|Any CPU
		{FEFD73C5-8541-47D2-BBDB-FF61DEA28291}.Debug|Any CPU.Build.0 = Debug|Any CPU
		{FEFD73C5-8541-47D2-BBDB-FF61DEA28291}.Release|Any CPU.ActiveCfg = Release|Any CPU
		{FEFD73C5-8541-47D2-BBDB-FF61DEA28291}.Release|Any CPU.Build.0 = Release|Any CPU
		{FEFD73C5-8541-47D2-BBDB-FF61DEA28291}.UNIT_TESTS_USAGE_TRACKING|Any CPU.ActiveCfg = Release|Any CPU
		{FEFD73C5-8541-47D2-BBDB-FF61DEA28291}.UNIT_TESTS_USAGE_TRACKING|Any CPU.Build.0 = Release|Any CPU
		{624BC225-49A8-4E92-942D-CDC976292EB9}.Debug|Any CPU.ActiveCfg = Debug|Any CPU
		{624BC225-49A8-4E92-942D-CDC976292EB9}.Debug|Any CPU.Build.0 = Debug|Any CPU
		{624BC225-49A8-4E92-942D-CDC976292EB9}.Release|Any CPU.ActiveCfg = Release|Any CPU
		{624BC225-49A8-4E92-942D-CDC976292EB9}.Release|Any CPU.Build.0 = Release|Any CPU
		{624BC225-49A8-4E92-942D-CDC976292EB9}.UNIT_TESTS_USAGE_TRACKING|Any CPU.ActiveCfg = Release|Any CPU
		{624BC225-49A8-4E92-942D-CDC976292EB9}.UNIT_TESTS_USAGE_TRACKING|Any CPU.Build.0 = Release|Any CPU
		{433BCE8B-95AE-4628-ABED-86A224D5E8C9}.Debug|Any CPU.ActiveCfg = Debug|Any CPU
		{433BCE8B-95AE-4628-ABED-86A224D5E8C9}.Debug|Any CPU.Build.0 = Debug|Any CPU
		{433BCE8B-95AE-4628-ABED-86A224D5E8C9}.Release|Any CPU.ActiveCfg = Release|Any CPU
		{433BCE8B-95AE-4628-ABED-86A224D5E8C9}.Release|Any CPU.Build.0 = Release|Any CPU
		{433BCE8B-95AE-4628-ABED-86A224D5E8C9}.UNIT_TESTS_USAGE_TRACKING|Any CPU.ActiveCfg = Release|Any CPU
		{433BCE8B-95AE-4628-ABED-86A224D5E8C9}.UNIT_TESTS_USAGE_TRACKING|Any CPU.Build.0 = Release|Any CPU
		{1718ED0D-7219-48B2-B9F5-6C91EE01EB0B}.Debug|Any CPU.ActiveCfg = Debug|Any CPU
		{1718ED0D-7219-48B2-B9F5-6C91EE01EB0B}.Debug|Any CPU.Build.0 = Debug|Any CPU
		{1718ED0D-7219-48B2-B9F5-6C91EE01EB0B}.Release|Any CPU.ActiveCfg = Release|Any CPU
		{1718ED0D-7219-48B2-B9F5-6C91EE01EB0B}.Release|Any CPU.Build.0 = Release|Any CPU
		{1718ED0D-7219-48B2-B9F5-6C91EE01EB0B}.UNIT_TESTS_USAGE_TRACKING|Any CPU.ActiveCfg = Release|Any CPU
		{1718ED0D-7219-48B2-B9F5-6C91EE01EB0B}.UNIT_TESTS_USAGE_TRACKING|Any CPU.Build.0 = Release|Any CPU
	EndGlobalSection
	GlobalSection(SolutionProperties) = preSolution
		HideSolutionNode = FALSE
	EndGlobalSection
	GlobalSection(NestedProjects) = preSolution
		{E72B1E73-8FE1-4C97-A9E6-7E1451BCBB13} = {48E71FB7-D0C0-4023-9FE4-A59EDAAB8EAD}
		{AD9ECE2B-8268-4115-8DC8-860FBD011FFF} = {48E71FB7-D0C0-4023-9FE4-A59EDAAB8EAD}
		{F6EAD428-E6CF-4DF6-B2F3-D33D532C5343} = {48E71FB7-D0C0-4023-9FE4-A59EDAAB8EAD}
		{FEFD73C5-8541-47D2-BBDB-FF61DEA28291} = {48E71FB7-D0C0-4023-9FE4-A59EDAAB8EAD}
		{624BC225-49A8-4E92-942D-CDC976292EB9} = {48E71FB7-D0C0-4023-9FE4-A59EDAAB8EAD}
		{433BCE8B-95AE-4628-ABED-86A224D5E8C9} = {16E01AAF-369F-45A5-AA9B-FD5F72ED8C03}
		{1718ED0D-7219-48B2-B9F5-6C91EE01EB0B} = {16E01AAF-369F-45A5-AA9B-FD5F72ED8C03}
	EndGlobalSection
EndGlobal
